
Microsoft Visual Studio Solution File, Format Version 12.00
# Visual Studio Version 17
VisualStudioVersion = 17.11.35303.130
MinimumVisualStudioVersion = 10.0.40219.1
Project("{FAE04EC0-301F-11D3-BF4B-00C04F79EFBC}") = "PublicUtilities", "PublicUtilities\PublicUtilities.csproj", "{1641FF98-378D-444D-9B41-4A093260A02F}"
EndProject
Global
	GlobalSection(SolutionConfigurationPlatforms) = preSolution
		Debug|Any CPU = Debug|Any CPU
		Release|Any CPU = Release|Any CPU
	EndGlobalSection
	GlobalSection(ProjectConfigurationPlatforms) = postSolution
		{1641FF98-378D-444D-9B41-4A093260A02F}.Debug|Any CPU.ActiveCfg = Debug|Any CPU
		{1641FF98-378D-444D-9B41-4A093260A02F}.Debug|Any CPU.Build.0 = Debug|Any CPU
		{1641FF98-378D-444D-9B41-4A093260A02F}.Release|Any CPU.ActiveCfg = Release|Any CPU
		{1641FF98-378D-444D-9B41-4A093260A02F}.Release|Any CPU.Build.0 = Release|Any CPU
	EndGlobalSection
	GlobalSection(SolutionProperties) = preSolution
		HideSolutionNode = FALSE
	EndGlobalSection
	GlobalSection(ExtensibilityGlobals) = postSolution
		SolutionGuid = {A6A7ADAA-49C2-49E1-B42C-B5AEB910E6F0}
	EndGlobalSection
EndGlobal
